github.com/akprof2000/twping-go v1.1.1-0.20260805081226-a9ddd005eaea h1:hHcx1lI+s4X2LkWg9TqwHFaAFGkArtrAlQNVqpUTTos=
github.com/akprof2000/twping-go v1.1.1-0.20260805081226-a9ddd005eaea/go.mod h1:AWrDpAl5/ShBbWmCQ7X1WmUc8VHK2URxxsnR50xc4ZI=
github.com/akprof2000/twping-go v1.2.0 h1:zefcpgb8MlyUq/5VoEqburMaqoLUVSEHICA8dCJfjVQ=
github.com/akprof2000/twping-go v1.2.0/go.mod h1:AWrDpAl5/ShBbWmCQ7X1WmUc8VHK2URxxsnR50xc4ZI=
github.com/robfig/cron/v3 v3.0.1 h1:WdRxkvbJztn8LMz/QEvLN5sBU+xKpSqwwUO1Pjr4qDs=
github.com/robfig/cron/v3 v3.0.1/go.mod h1:eQICP3HwyT7UooqI/z+Ov+PtYAWygg1TEWWzGIFLtro=
golang.org/x/sys v0.47.0 h1:o7XGOvZQCADBQQ4Y7VNq2dRWQR7JmOUW8Kxx4ZsNgWs=
golang.org/x/sys v0.47.0/go.mod h1:4GL1E5IUh+htKOUEOaiffhrAeqysfVGipDYzABqnCmw=
